// !$*UTF8*$!
{
	archiveVersion = 1;
	classes = {
	};
	objectVersion = 50;
	objects = {

/* Begin PBXBuildFile section */
		F51F263226D57C8600BB51F7 /* AppDelegate.swift in Sources */ = {isa = PBXBuildFile; fileRef = F51F263126D57C8600BB51F7 /* AppDelegate.swift */; };
		F51F263426D57C8600BB51F7 /* SceneDelegate.swift in Sources */ = {isa = PBXBuildFile; fileRef = F51F263326D57C8600BB51F7 /* SceneDelegate.swift */; };
		F51F263626D57C8600BB51F7 /* ViewController.swift in Sources */ = {isa = PBXBuildFile; fileRef = F51F263526D57C8600BB51F7 /* ViewController.swift */; };
		F51F263926D57C8600BB51F7 /* Main.storyboard in Resources */ = {isa = PBXBuildFile; fileRef = F51F263726D57C8600BB51F7 /* Main.storyboard */; };
		F51F263B26D57C8C00BB51F7 /* Assets.xcassets in Resources */ = {isa = PBXBuildFile; fileRef = F51F263A26D57C8C00BB51F7 /* Assets.xcassets */; };
		F51F263E26D57C8C00BB51F7 /* LaunchScreen.storyboard in Resources */ = {isa = PBXBuildFile; fileRef = F51F263C26D57C8C00BB51F7 /* LaunchScreen.storyboard */; };
/* End PBXBuildFile section */

/* Begin PBXFileReference section */
		F51F262E26D57C8600BB51F7 /* TimerProject.app */ = {isa = PBXFileReference; explicitFileType = wrapper.application; includeInIndex = 0; path = TimerProject.app; sourceTree = BUILT_PRODUCTS_DIR; };
		F51F263126D57C8600BB51F7 /* AppDelegate.swift */ = {isa = PBXFileReference; lastKnownFileType = sourcecode.swift; path = AppDelegate.swift; sourceTree = "<group>"; };
		F51F263326D57C8600BB51F7 /* SceneDelegate.swift */ = {isa = PBXFileReference; lastKnownFileType = sourcecode.swift; path = SceneDelegate.swift; sourceTree = "<group>"; };
		F51F263526D57C8600BB51F7 /* ViewController.swift */ = {isa = PBXFileReference; lastKnownFileType = sourcecode.swift; path = ViewController.swift; sourceTree = "<group>"; };
		F51F263826D57C8600BB51F7 /* Base */ = {isa = PBXFileReference; lastKnownFileType = file.storyboard; name = Base; path = Base.lproj/Main.storyboard; sourceTree = "<group>"; };
		F51F263A26D57C8C00BB51F7 /* Assets.xcassets */ = {isa = PBXFileReference; lastKnownFileType = folder.assetcatalog; path = Assets.xcassets; sourceTree = "<group>"; };
		F51F263D26D57C8C00BB51F7 /* Base */ = {isa = PBXFileReference; lastKnownFileType = file.storyboard; name = Base; path = Base.lproj/LaunchScreen.storyboard; sourceTree = "<group>"; };
		F51F263F26D57C8C00BB51F7 /* Info.plist */ = {isa = PBXFileReference; lastKnownFileType = text.plist.xml; path = Info.plist; sourceTree = "<group>"; };
/* End PBXFileReference section */

/* Begin PBXFrameworksBuildPhase section */
		F51F262B26D57C8600BB51F7 /* Frameworks */ = {
			isa = PBXFrameworksBuildPhase;
			buildActionMask = 2147483647;
			files = (
			);
			runOnlyForDeploymentPostprocessing = 0;
		};
/* End PBXFrameworksBuildPhase section */

/* Begin PBXGroup section */
		F51F262526D57C8600BB51F7 = {
			isa = PBXGroup;
			children = (
				F51F263026D57C8600BB51F7 /* TimerProject */,
				F51F262F26D57C8600BB51F7 /* Products */,
			);
			sourceTree = "<group>";
		};
		F51F262F26D57C8600BB51F7 /* Products */ = {
			isa = PBXGroup;
			children = (
				F51F262E26D57C8600BB51F7 /* TimerProject.app */,
			);
			name = Products;
			sourceTree = "<group>";
		};
		F51F263026D57C8600BB51F7 /* TimerProject */ = {
			isa = PBXGroup;
			children = (
				F51F263126D57C8600BB51F7 /* AppDelegate.swift */,
				F51F263326D57C8600BB51F7 /* SceneDelegate.swift */,
				F51F263526D57C8600BB51F7 /* ViewController.swift */,
				F51F263726D57C8600BB51F7 /* Main.storyboard */,
				F51F263A26D57C8C00BB51F7 /* Assets.xcassets */,
				F51F263C26D57C8C00BB51F7 /* LaunchScreen.storyboard */,
				F51F263F26D57C8C00BB51F7 /* Info.plist */,
			);
			path = TimerProject;
			sourceTree = "<group>";
		};
/* End PBXGroup section */

/* Begin PBXNativeTarget section */
		F51F262D26D57C8600BB51F7 /* TimerProject */ = {
			isa = PBXNativeTarget;
			buildConfigurationList = F51F264226D57C8C00BB51F7 /* Build configuration list for PBXNativeTarget "TimerProject" */;
			buildPhases = (
				F51F262A26D57C8600BB51F7 /* Sources */,
				F51F262B26D57C8600BB51F7 /* Frameworks */,
				F51F262C26D57C8600BB51F7 /* Resources */,
			);
			buildRules = (
			);
			dependencies = (
			);
			name = TimerProject;
			productName = TimerProject;
			productReference = F51F262E26D57C8600BB51F7 /* TimerProject.app */;
			productType = "com.apple.product-type.application";
		};
/* End PBXNativeTarget section */

/* Begin PBXProject section */
		F51F262626D57C8600BB51F7 /* Project object */ = {
			isa = PBXProject;
			attributes = {
				LastSwiftUpdateCheck = 1240;
				LastUpgradeCheck = 1240;
				TargetAttributes = {
					F51F262D26D57C8600BB51F7 = {
						CreatedOnToolsVersion = 12.4;
					};
				};
			};
			buildConfigurationList = F51F262926D57C8600BB51F7 /* Build configuration list for PBXProject "TimerProject" */;
			compatibilityVersion = "Xcode 9.3";
			developmentRegion = en;
			hasScannedForEncodings = 0;
			knownRegions = (
				en,
				Base,
			);
			mainGroup = F51F262526D57C8600BB51F7;
			productRefGroup = F51F262F26D57C8600BB51F7 /* Products */;
			projectDirPath = "";
			projectRoot = "";
			targets = (
				F51F262D26D57C8600BB51F7 /* TimerProject */,
			);
		};
/* End PBXProject section */

/* Begin PBXResourcesBuildPhase section */
		F51F262C26D57C8600BB51F7 /* Resources */ = {
			isa = PBXResourcesBuildPhase;
			buildActionMask = 2147483647;
			files = (
				F51F263E26D57C8C00BB51F7 /* LaunchScreen.storyboard in Resources */,
				F51F263B26D57C8C00BB51F7 /* Assets.xcassets in Resources */,
				F51F263926D57C8600BB51F7 /* Main.storyboard in Resources */,
			);
			runOnlyForDeploymentPostprocessing = 0;
		};
/* End PBXResourcesBuildPhase section */

/* Begin PBXSourcesBuildPhase section */
		F51F262A26D57C8600BB51F7 /* Sources */ = {
			isa = PBXSourcesBuildPhase;
			buildActionMask = 2147483647;
			files = (
				F51F263626D57C8600BB51F7 /* ViewController.swift in Sources */,
				F51F263226D57C8600BB51F7 /* AppDelegate.swift in Sources */,
				F51F263426D57C8600BB51F7 /* SceneDelegate.swift in Sources */,
			);
			runOnlyForDeploymentPostprocessing = 0;
		};
/* End PBXSourcesBuildPhase section */

/* Begin PBXVariantGroup section */
		F51F263726D57C8600BB51F7 /* Main.storyboard */ = {
			isa = PBXVariantGroup;
			children = (
				F51F263826D57C8600BB51F7 /* Base */,
			);
			name = Main.storyboard;
			sourceTree = "<group>";
		};
		F51F263C26D57C8C00BB51F7 /* LaunchScreen.storyboard */ = {
			isa = PBXVariantGroup;
			children = (
				F51F263D26D57C8C00BB51F7 /* Base */,
			);
			name = LaunchScreen.storyboard;
			sourceTree = "<group>";
		};
/* End PBXVariantGroup section */

/* Begin XCBuildConfiguration section */
		F51F264026D57C8C00BB51F7 /* Debug */ = {
			isa = XCBuildConfiguration;
			buildSettings = {
				ALWAYS_SEARCH_USER_PATHS = NO;
				CLANG_ANALYZER_NONNULL = YES;
				CLANG_ANALYZER_NUMBER_OBJECT_CONVERSION = YES_AGGRESSIVE;
				CLANG_CXX_LANGUAGE_STANDARD = "gnu++14";
				CLANG_CXX_LIBRARY = "libc++";
				CLANG_ENABLE_MODULES = YES;
				CLANG_ENABLE_OBJC_ARC = YES;
				CLANG_ENABLE_OBJC_WEAK = YES;
				CLANG_WARN_BLOCK_CAPTURE_AUTORELEASING = YES;
				CLANG_WARN_BOOL_CONVERSION = YES;
				CLANG_WARN_COMMA = YES;
				CLANG_WARN_CONSTANT_CONVERSION = YES;
				CLANG_WARN_DEPRECATED_OBJC_IMPLEMENTATIONS = YES;
				CLANG_WARN_DIRECT_OBJC_ISA_USAGE = YES_ERROR;
				CLANG_WARN_DOCUMENTATION_COMMENTS = YES;
				CLANG_WARN_EMPTY_BODY = YES;
				CLANG_WARN_ENUM_CONVERSION = YES;
				CLANG_WARN_INFINITE_RECURSION = YES;
				CLANG_WARN_INT_CONVERSION = YES;
				CLANG_WARN_NON_LITERAL_NULL_CONVERSION = YES;
				CLANG_WARN_OBJC_IMPLICIT_RETAIN_SELF = YES;
				CLANG_WARN_OBJC_LITERAL_CONVERSION = YES;
				CLANG_WARN_OBJC_ROOT_CLASS = YES_ERROR;
				CLANG_WARN_QUOTED_INCLUDE_IN_FRAMEWORK_HEADER = YES;
				CLANG_WARN_RANGE_LOOP_ANALYSIS = YES;
				CLANG_WARN_STRICT_PROTOTYPES = YES;
				CLANG_WARN_SUSPICIOUS_MOVE = YES;
				CLANG_WARN_UNGUARDED_AVAILABILITY = YES_AGGRESSIVE;
				CLANG_WARN_UNREACHABLE_CODE = YES;
				CLANG_WARN__DUPLICATE_METHOD_MATCH = YES;
				COPY_PHASE_STRIP = NO;
				DEBUG_INFORMATION_FORMAT = dwarf;
				ENABLE_STRICT_OBJC_MSGSEND = YES;
				ENABLE_TESTABILITY = YES;
				GCC_C_LANGUAGE_STANDARD = gnu11;
				GCC_DYNAMIC_NO_PIC = NO;
				GCC_NO_COMMON_BLOCKS = YES;
				GCC_OPTIMIZATION_LEVEL = 0;
				GCC_PREPROCESSOR_DEFINITIONS = (
					"DEBUG=1",
					"$(inherited)",
				);
				GCC_WARN_64_TO_32_BIT_CONVERSION = YES;
				GCC_WARN_ABOUT_RETURN_TYPE = YES_ERROR;
				GCC_WARN_UNDECLARED_SELECTOR = YES;
				GCC_WARN_UNINITIALIZED_AUTOS = YES_AGGRESSIVE;
				GCC_WARN_UNUSED_FUNCTION = YES;
				GCC_WARN_UNUSED_VARIABLE = YES;
				IPHONEOS_DEPLOYMENT_TARGET = 14.4;
				MTL_ENABLE_DEBUG_INFO = INCLUDE_SOURCE;
				MTL_FAST_MATH = YES;
				ONLY_ACTIVE_ARCH = YES;
				SDKROOT = iphoneos;
				SWIFT_ACTIVE_COMPILATION_CONDITIONS = DEBUG;
				SWIFT_OPTIMIZATION_LEVEL = "-Onone";
			};
			name = Debug;
		};
		F51F264126D57C8C00BB51F7 /* Release */ = {
			isa = XCBuildConfiguration;
			buildSettings = {
				ALWAYS_SEARCH_USER_PATHS = NO;
				CLANG_ANALYZER_NONNULL = YES;
				CLANG_ANALYZER_NUMBER_OBJECT_CONVERSION = YES_AGGRESSIVE;
				CLANG_CXX_LANGUAGE_STANDARD = "gnu++14";
				CLANG_CXX_LIBRARY = "libc++";
				CLANG_ENABLE_MODULES = YES;
				CLANG_ENABLE_OBJC_ARC = YES;
				CLANG_ENABLE_OBJC_WEAK = YES;
				CLANG_WARN_BLOCK_CAPTURE_AUTORELEASING = YES;
				CLANG_WARN_BOOL_CONVERSION = YES;
				CLANG_WARN_COMMA = YES;
				CLANG_WARN_CONSTANT_CONVERSION = YES;
				CLANG_WARN_DEPRECATED_OBJC_IMPLEMENTATIONS = YES;
				CLANG_WARN_DIRECT_OBJC_ISA_USAGE = YES_ERROR;
				CLANG_WARN_DOCUMENTATION_COMMENTS = YES;
				CLANG_WARN_EMPTY_BODY = YES;
				CLANG_WARN_ENUM_CONVERSION = YES;
				CLANG_WARN_INFINITE_RECURSION = YES;
				CLANG_WARN_INT_CONVERSION = YES;
				CLANG_WARN_NON_LITERAL_NULL_CONVERSION = YES;
				CLANG_WARN_OBJC_IMPLICIT_RETAIN_SELF = YES;
				CLANG_WARN_OBJC_LITERAL_CONVERSION = YES;
				CLANG_WARN_OBJC_ROOT_CLASS = YES_ERROR;
				CLANG_WARN_QUOTED_INCLUDE_IN_FRAMEWORK_HEADER = YES;
				CLANG_WARN_RANGE_LOOP_ANALYSIS = YES;
				CLANG_WARN_STRICT_PROTOTYPES = YES;
				CLANG_WARN_SUSPICIOUS_MOVE = YES;
				CLANG_WARN_UNGUARDED_AVAILABILITY = YES_AGGRESSIVE;
				CLANG_WARN_UNREACHABLE_CODE = YES;
				CLANG_WARN__DUPLICATE_METHOD_MATCH = YES;
				COPY_PHASE_STRIP = NO;
				DEBUG_INFORMATION_FORMAT = "dwarf-with-dsym";
				ENABLE_NS_ASSERTIONS = NO;
				ENABLE_STRICT_OBJC_MSGSEND = YES;
				GCC_C_LANGUAGE_STANDARD = gnu11;
				GCC_NO_COMMON_BLOCKS = YES;
				GCC_WARN_64_TO_32_BIT_CONVERSION = YES;
				GCC_WARN_ABOUT_RETURN_TYPE = YES_ERROR;
				GCC_WARN_UNDECLARED_SELECTOR = YES;
				GCC_WARN_UNINITIALIZED_AUTOS = YES_AGGRESSIVE;
				GCC_WARN_UNUSED_FUNCTION = YES;
				GCC_WARN_UNUSED_VARIABLE = YES;
				IPHONEOS_DEPLOYMENT_TARGET = 14.4;
				MTL_ENABLE_DEBUG_INFO = NO;
				MTL_FAST_MATH = YES;
				SDKROOT = iphoneos;
				SWIFT_COMPILATION_MODE = wholemodule;
				SWIFT_OPTIMIZATION_LEVEL = "-O";
				VALIDATE_PRODUCT = YES;
			};
			name = Release;
		};
		F51F264326D57C8C00BB51F7 /* Debug */ = {
			isa = XCBuildConfiguration;
			buildSettings = {
				ASSETCATALOG_COMPILER_APPICON_NAME = AppIcon;
				ASSETCATALOG_COMPILER_GLOBAL_ACCENT_COLOR_NAME = AccentColor;
				CODE_SIGN_STYLE = Automatic;
				INFOPLIST_FILE = TimerProject/Info.plist;
				LD_RUNPATH_SEARCH_PATHS = (
					"$(inherited)",
					"@executable_path/Frameworks",
				);
				PRODUCT_BUNDLE_IDENTIFIER = com.emrekocak.TimerProject;
				PRODUCT_NAME = "$(TARGET_NAME)";
				SWIFT_VERSION = 5.0;
				TARGETED_DEVICE_FAMILY = "1,2";
			};
			name = Debug;
		};
		F51F264426D57C8C00BB51F7 /* Release */ = {
			isa = XCBuildConfiguration;
			buildSettings = {
				ASSETCATALOG_COMPILER_APPICON_NAME = AppIcon;
				ASSETCATALOG_COMPILER_GLOBAL_ACCENT_COLOR_NAME = AccentColor;
				CODE_SIGN_STYLE = Automatic;
				INFOPLIST_FILE = TimerProject/Info.plist;
				LD_RUNPATH_SEARCH_PATHS = (
					"$(inherited)",
					"@executable_path/Frameworks",
				);
				PRODUCT_BUNDLE_IDENTIFIER = com.emrekocak.TimerProject;
				PRODUCT_NAME = "$(TARGET_NAME)";
				SWIFT_VERSION = 5.0;
				TARGETED_DEVICE_FAMILY = "1,2";
			};
			name = Release;
		};
/* End XCBuildConfiguration section */

/* Begin XCConfigurationList section */
		F51F262926D57C8600BB51F7 /* Build configuration list for PBXProject "TimerProject" */ = {
			isa = XCConfigurationList;
			buildConfigurations = (
				F51F264026D57C8C00BB51F7 /* Debug */,
				F51F264126D57C8C00BB51F7 /* Release */,
			);
			defaultConfigurationIsVisible = 0;
			defaultConfigurationName = Release;
		};
		F51F264226D57C8C00BB51F7 /* Build configuration list for PBXNativeTarget "TimerProject" */ = {
			isa = XCConfigurationList;
			buildConfigurations = (
				F51F264326D57C8C00BB51F7 /* Debug */,
				F51F264426D57C8C00BB51F7 /* Release */,
			);
			defaultConfigurationIsVisible = 0;
			defaultConfigurationName = Release;
		};
/* End XCConfigurationList section */
	};
	rootObject = F51F262626D57C8600BB51F7 /* Project object */;
}
